{
  "name": "chrome-calc",
  "version": "1.0.0",
  "lockfileVersion": 3,
  "requires": true,
  "packages": {
    "": {
      "name": "chrome-calc",
      "version": "1.0.0",
      "license": "MIT",
      "dependencies": {
        "katex": "^0.16.22",
        "lit": "^3.3.0",
        "mathjs": "^14.5.2"
      },
      "devDependencies": {
        "dotenv-esbuild": "^1.1.0",
        "esbuild": "^0.25.5",
        "esbuild-copy-static-files": "^0.1.0",
        "esbuild-plugin-import-glob": "^0.1.1",
        "esbuild-plugin-lit": "^0.1.1",
        "esbuild-plugins-node-modules-polyfill": "^1.7.1"
      }
    },
    "node_modules/@babel/runtime": {
      "version": "7.27.6",
      "resolved": "https://registry.npmjs.org/@babel/runtime/-/runtime-7.27.6.tgz",
      "integrity": "sha512-vbavdySgbTTrmFE+EsiqUTzlOr5bzlnJtUv9PynGCAKvfQqjIXbvFdumPM/GxMDfyuGMJaJAU6TO4zc1Jf1i8Q==",
      "license": "MIT",
      "engines": {
        "node": ">=6.9.0"
      }
    },
    "node_modules/@esbuild/aix-ppc64": {
      "version": "0.25.5",
      "resolved": "https://registry.npmjs.org/@esbuild/aix-ppc64/-/aix-ppc64-0.25.5.tgz",
      "integrity": "sha512-9o3TMmpmftaCMepOdA5k/yDw8SfInyzWWTjYTFCX3kPSDJMROQTb8jg+h9Cnwnmm1vOzvxN7gIfB5V2ewpjtGA==",
      "cpu": [
        "ppc64"
      ],
      "dev": true,
      "license": "MIT",
      "optional": true,
      "os": [
        "aix"
      ],
      "engines": {
        "node": ">=18"
      }
    },
    "node_modules/@esbuild/android-arm": {
      "version": "0.25.5",
      "resolved": "https://registry.npmjs.org/@esbuild/android-arm/-/android-arm-0.25.5.tgz",
      "integrity": "sha512-AdJKSPeEHgi7/ZhuIPtcQKr5RQdo6OO2IL87JkianiMYMPbCtot9fxPbrMiBADOWWm3T2si9stAiVsGbTQFkbA==",
      "cpu": [
        "arm"
      ],
      "dev": true,
      "license": "MIT",
      "optional": true,
      "os": [
        "android"
      ],
      "engines": {
        "node": ">=18"
      }
    },
    "node_modules/@esbuild/android-arm64": {
      "version": "0.25.5",
      "resolved": "https://registry.npmjs.org/@esbuild/android-arm64/-/android-arm64-0.25.5.tgz",
      "integrity": "sha512-VGzGhj4lJO+TVGV1v8ntCZWJktV7SGCs3Pn1GRWI1SBFtRALoomm8k5E9Pmwg3HOAal2VDc2F9+PM/rEY6oIDg==",
      "cpu": [
        "arm64"
      ],
      "dev": true,
      "license": "MIT",
      "optional": true,
      "os": [
        "android"
      ],
      "engines": {
        "node": ">=18"
      }
    },
    "node_modules/@esbuild/android-x64": {
      "version": "0.25.5",
      "resolved": "https://registry.npmjs.org/@esbuild/android-x64/-/android-x64-0.25.5.tgz",
      "integrity": "sha512-D2GyJT1kjvO//drbRT3Hib9XPwQeWd9vZoBJn+bu/lVsOZ13cqNdDeqIF/xQ5/VmWvMduP6AmXvylO/PIc2isw==",
      "cpu": [
        "x64"
      ],
      "dev": true,
      "license": "MIT",
      "optional": true,
      "os": [
        "android"
      ],
      "engines": {
        "node": ">=18"
      }
    },
    "node_modules/@esbuild/darwin-arm64": {
      "version": "0.25.5",
      "resolved": "https://registry.npmjs.org/@esbuild/darwin-arm64/-/darwin-arm64-0.25.5.tgz",
      "integrity": "sha512-GtaBgammVvdF7aPIgH2jxMDdivezgFu6iKpmT+48+F8Hhg5J/sfnDieg0aeG/jfSvkYQU2/pceFPDKlqZzwnfQ==",
      "cpu": [
        "arm64"
      ],
      "dev": true,
      "license": "MIT",
      "optional": true,
      "os": [
        "darwin"
      ],
      "engines": {
        "node": ">=18"
      }
    },
    "node_modules/@esbuild/darwin-x64": {
      "version": "0.25.5",
      "resolved": "https://registry.npmjs.org/@esbuild/darwin-x64/-/darwin-x64-0.25.5.tgz",
      "integrity": "sha512-1iT4FVL0dJ76/q1wd7XDsXrSW+oLoquptvh4CLR4kITDtqi2e/xwXwdCVH8hVHU43wgJdsq7Gxuzcs6Iq/7bxQ==",
      "cpu": [
        "x64"
      ],
      "dev": true,
      "license": "MIT",
      "optional": true,
      "os": [
        "darwin"
      ],
      "engines": {
        "node": ">=18"
      }
    },
    "node_modules/@esbuild/freebsd-arm64": {
      "version": "0.25.5",
      "resolved": "https://registry.npmjs.org/@esbuild/freebsd-arm64/-/freebsd-arm64-0.25.5.tgz",
      "integrity": "sha512-nk4tGP3JThz4La38Uy/gzyXtpkPW8zSAmoUhK9xKKXdBCzKODMc2adkB2+8om9BDYugz+uGV7sLmpTYzvmz6Sw==",
      "cpu": [
        "arm64"
      ],
      "dev": true,
      "license": "MIT",
      "optional": true,
      "os": [
        "freebsd"
      ],
      "engines": {
        "node": ">=18"
      }
    },
    "node_modules/@esbuild/freebsd-x64": {
      "version": "0.25.5",
      "resolved": "https://registry.npmjs.org/@esbuild/freebsd-x64/-/freebsd-x64-0.25.5.tgz",
      "integrity": "sha512-PrikaNjiXdR2laW6OIjlbeuCPrPaAl0IwPIaRv+SMV8CiM8i2LqVUHFC1+8eORgWyY7yhQY+2U2fA55mBzReaw==",
      "cpu": [
        "x64"
      ],
      "dev": true,
      "license": "MIT",
      "optional": true,
      "os": [
        "freebsd"
      ],
      "engines": {
        "node": ">=18"
      }
    },
    "node_modules/@esbuild/linux-arm": {
      "version": "0.25.5",
      "resolved": "https://registry.npmjs.org/@esbuild/linux-arm/-/linux-arm-0.25.5.tgz",
      "integrity": "sha512-cPzojwW2okgh7ZlRpcBEtsX7WBuqbLrNXqLU89GxWbNt6uIg78ET82qifUy3W6OVww6ZWobWub5oqZOVtwolfw==",
      "cpu": [
        "arm"
      ],
      "dev": true,
      "license": "MIT",
      "optional": true,
      "os": [
        "linux"
      ],
      "engines": {
        "node": ">=18"
      }
    },
    "node_modules/@esbuild/linux-arm64": {
      "version": "0.25.5",
      "resolved": "https://registry.npmjs.org/@esbuild/linux-arm64/-/linux-arm64-0.25.5.tgz",
      "integrity": "sha512-Z9kfb1v6ZlGbWj8EJk9T6czVEjjq2ntSYLY2cw6pAZl4oKtfgQuS4HOq41M/BcoLPzrUbNd+R4BXFyH//nHxVg==",
      "cpu": [
        "arm64"
      ],
      "dev": true,
      "license": "MIT",
      "optional": true,
      "os": [
        "linux"
      ],
      "engines": {
        "node": ">=18"
      }
    },
    "node_modules/@esbuild/linux-ia32": {
      "version": "0.25.5",
      "resolved": "https://registry.npmjs.org/@esbuild/linux-ia32/-/linux-ia32-0.25.5.tgz",
      "integrity": "sha512-sQ7l00M8bSv36GLV95BVAdhJ2QsIbCuCjh/uYrWiMQSUuV+LpXwIqhgJDcvMTj+VsQmqAHL2yYaasENvJ7CDKA==",
      "cpu": [
        "ia32"
      ],
      "dev": true,
      "license": "MIT",
      "optional": true,
      "os": [
        "linux"
      ],
      "engines": {
        "node": ">=18"
      }
    },
    "node_modules/@esbuild/linux-loong64": {
      "version": "0.25.5",
      "resolved": "https://registry.npmjs.org/@esbuild/linux-loong64/-/linux-loong64-0.25.5.tgz",
      "integrity": "sha512-0ur7ae16hDUC4OL5iEnDb0tZHDxYmuQyhKhsPBV8f99f6Z9KQM02g33f93rNH5A30agMS46u2HP6qTdEt6Q1kg==",
      "cpu": [
        "loong64"
      ],
      "dev": true,
      "license": "MIT",
      "optional": true,
      "os": [
        "linux"
      ],
      "engines": {
        "node": ">=18"
      }
    },
    "node_modules/@esbuild/linux-mips64el": {
      "version": "0.25.5",
      "resolved": "https://registry.npmjs.org/@esbuild/linux-mips64el/-/linux-mips64el-0.25.5.tgz",
      "integrity": "sha512-kB/66P1OsHO5zLz0i6X0RxlQ+3cu0mkxS3TKFvkb5lin6uwZ/ttOkP3Z8lfR9mJOBk14ZwZ9182SIIWFGNmqmg==",
      "cpu": [
        "mips64el"
      ],
      "dev": true,
      "license": "MIT",
      "optional": true,
      "os": [
        "linux"
      ],
      "engines": {
        "node": ">=18"
      }
    },
    "node_modules/@esbuild/linux-ppc64": {
      "version": "0.25.5",
      "resolved": "https://registry.npmjs.org/@esbuild/linux-ppc64/-/linux-ppc64-0.25.5.tgz",
      "integrity": "sha512-UZCmJ7r9X2fe2D6jBmkLBMQetXPXIsZjQJCjgwpVDz+YMcS6oFR27alkgGv3Oqkv07bxdvw7fyB71/olceJhkQ==",
      "cpu": [
        "ppc64"
      ],
      "dev": true,
      "license": "MIT",
      "optional": true,
      "os": [
        "linux"
      ],
      "engines": {
        "node": ">=18"
      }
    },
    "node_modules/@esbuild/linux-riscv64": {
      "version": "0.25.5",
      "resolved": "https://registry.npmjs.org/@esbuild/linux-riscv64/-/linux-riscv64-0.25.5.tgz",
      "integrity": "sha512-kTxwu4mLyeOlsVIFPfQo+fQJAV9mh24xL+y+Bm6ej067sYANjyEw1dNHmvoqxJUCMnkBdKpvOn0Ahql6+4VyeA==",
      "cpu": [
        "riscv64"
      ],
      "dev": true,
      "license": "MIT",
      "optional": true,
      "os": [
        "linux"
      ],
      "engines": {
        "node": ">=18"
      }
    },
    "node_modules/@esbuild/linux-s390x": {
      "version": "0.25.5",
      "resolved": "https://registry.npmjs.org/@esbuild/linux-s390x/-/linux-s390x-0.25.5.tgz",
      "integrity": "sha512-K2dSKTKfmdh78uJ3NcWFiqyRrimfdinS5ErLSn3vluHNeHVnBAFWC8a4X5N+7FgVE1EjXS1QDZbpqZBjfrqMTQ==",
      "cpu": [
        "s390x"
      ],
      "dev": true,
      "license": "MIT",
      "optional": true,
      "os": [
        "linux"
      ],
      "engines": {
        "node": ">=18"
      }
    },
    "node_modules/@esbuild/linux-x64": {
      "version": "0.25.5",
      "resolved": "https://registry.npmjs.org/@esbuild/linux-x64/-/linux-x64-0.25.5.tgz",
      "integrity": "sha512-uhj8N2obKTE6pSZ+aMUbqq+1nXxNjZIIjCjGLfsWvVpy7gKCOL6rsY1MhRh9zLtUtAI7vpgLMK6DxjO8Qm9lJw==",
      "cpu": [
        "x64"
      ],
      "dev": true,
      "license": "MIT",
      "optional": true,
      "os": [
        "linux"
      ],
      "engines": {
        "node": ">=18"
      }
    },
    "node_modules/@esbuild/netbsd-arm64": {
      "version": "0.25.5",
      "resolved": "https://registry.npmjs.org/@esbuild/netbsd-arm64/-/netbsd-arm64-0.25.5.tgz",
      "integrity": "sha512-pwHtMP9viAy1oHPvgxtOv+OkduK5ugofNTVDilIzBLpoWAM16r7b/mxBvfpuQDpRQFMfuVr5aLcn4yveGvBZvw==",
      "cpu": [
        "arm64"
      ],
      "dev": true,
      "license": "MIT",
      "optional": true,
      "os": [
        "netbsd"
      ],
      "engines": {
        "node": ">=18"
      }
    },
    "node_modules/@esbuild/netbsd-x64": {
      "version": "0.25.5",
      "resolved": "https://registry.npmjs.org/@esbuild/netbsd-x64/-/netbsd-x64-0.25.5.tgz",
      "integrity": "sha512-WOb5fKrvVTRMfWFNCroYWWklbnXH0Q5rZppjq0vQIdlsQKuw6mdSihwSo4RV/YdQ5UCKKvBy7/0ZZYLBZKIbwQ==",
      "cpu": [
        "x64"
      ],
      "dev": true,
      "license": "MIT",
      "optional": true,
      "os": [
        "netbsd"
      ],
      "engines": {
        "node": ">=18"
      }
    },
    "node_modules/@esbuild/openbsd-arm64": {
      "version": "0.25.5",
      "resolved": "https://registry.npmjs.org/@esbuild/openbsd-arm64/-/openbsd-arm64-0.25.5.tgz",
      "integrity": "sha512-7A208+uQKgTxHd0G0uqZO8UjK2R0DDb4fDmERtARjSHWxqMTye4Erz4zZafx7Di9Cv+lNHYuncAkiGFySoD+Mw==",
      "cpu": [
        "arm64"
      ],
      "dev": true,
      "license": "MIT",
      "optional": true,
      "os": [
        "openbsd"
      ],
      "engines": {
        "node": ">=18"
      }
    },
    "node_modules/@esbuild/openbsd-x64": {
      "version": "0.25.5",
      "resolved": "https://registry.npmjs.org/@esbuild/openbsd-x64/-/openbsd-x64-0.25.5.tgz",
      "integrity": "sha512-G4hE405ErTWraiZ8UiSoesH8DaCsMm0Cay4fsFWOOUcz8b8rC6uCvnagr+gnioEjWn0wC+o1/TAHt+It+MpIMg==",
      "cpu": [
        "x64"
      ],
      "dev": true,
      "license": "MIT",
      "optional": true,
      "os": [
        "openbsd"
      ],
      "engines": {
        "node": ">=18"
      }
    },
    "node_modules/@esbuild/sunos-x64": {
      "version": "0.25.5",
      "resolved": "https://registry.npmjs.org/@esbuild/sunos-x64/-/sunos-x64-0.25.5.tgz",
      "integrity": "sha512-l+azKShMy7FxzY0Rj4RCt5VD/q8mG/e+mDivgspo+yL8zW7qEwctQ6YqKX34DTEleFAvCIUviCFX1SDZRSyMQA==",
      "cpu": [
        "x64"
      ],
      "dev": true,
      "license": "MIT",
      "optional": true,
      "os": [
        "sunos"
      ],
      "engines": {
        "node": ">=18"
      }
    },
    "node_modules/@esbuild/win32-arm64": {
      "version": "0.25.5",
      "resolved": "https://registry.npmjs.org/@esbuild/win32-arm64/-/win32-arm64-0.25.5.tgz",
      "integrity": "sha512-O2S7SNZzdcFG7eFKgvwUEZ2VG9D/sn/eIiz8XRZ1Q/DO5a3s76Xv0mdBzVM5j5R639lXQmPmSo0iRpHqUUrsxw==",
      "cpu": [
        "arm64"
      ],
      "dev": true,
      "license": "MIT",
      "optional": true,
      "os": [
        "win32"
      ],
      "engines": {
        "node": ">=18"
      }
    },
    "node_modules/@esbuild/win32-ia32": {
      "version": "0.25.5",
      "resolved": "https://registry.npmjs.org/@esbuild/win32-ia32/-/win32-ia32-0.25.5.tgz",
      "integrity": "sha512-onOJ02pqs9h1iMJ1PQphR+VZv8qBMQ77Klcsqv9CNW2w6yLqoURLcgERAIurY6QE63bbLuqgP9ATqajFLK5AMQ==",
      "cpu": [
        "ia32"
      ],
      "dev": true,
      "license": "MIT",
      "optional": true,
      "os": [
        "win32"
      ],
      "engines": {
        "node": ">=18"
      }
    },
    "node_modules/@esbuild/win32-x64": {
      "version": "0.25.5",
      "resolved": "https://registry.npmjs.org/@esbuild/win32-x64/-/win32-x64-0.25.5.tgz",
      "integrity": "sha512-TXv6YnJ8ZMVdX+SXWVBo/0p8LTcrUYngpWjvm91TMjjBQii7Oz11Lw5lbDV5Y0TzuhSJHwiH4hEtC1I42mMS0g==",
      "cpu": [
        "x64"
      ],
      "dev": true,
      "license": "MIT",
      "optional": true,
      "os": [
        "win32"
      ],
      "engines": {
        "node": ">=18"
      }
    },
    "node_modules/@jspm/core": {
      "version": "2.1.0",
      "resolved": "https://registry.npmjs.org/@jspm/core/-/core-2.1.0.tgz",
      "integrity": "sha512-3sRl+pkyFY/kLmHl0cgHiFp2xEqErA8N3ECjMs7serSUBmoJ70lBa0PG5t0IM6WJgdZNyyI0R8YFfi5wM8+mzg==",
      "dev": true,
      "license": "Apache-2.0"
    },
    "node_modules/@lit-labs/ssr-dom-shim": {
      "version": "1.3.0",
      "resolved": "https://registry.npmjs.org/@lit-labs/ssr-dom-shim/-/ssr-dom-shim-1.3.0.tgz",
      "integrity": "sha512-nQIWonJ6eFAvUUrSlwyHDm/aE8PBDu5kRpL0vHMg6K8fK3Diq1xdPjTnsJSwxABhaZ+5eBi1btQB5ShUTKo4nQ==",
      "license": "BSD-3-Clause"
    },
    "node_modules/@lit/reactive-element": {
      "version": "2.1.0",
      "resolved": "https://registry.npmjs.org/@lit/reactive-element/-/reactive-element-2.1.0.tgz",
      "integrity": "sha512-L2qyoZSQClcBmq0qajBVbhYEcG6iK0XfLn66ifLe/RfC0/ihpc+pl0Wdn8bJ8o+hj38cG0fGXRgSS20MuXn7qA==",
      "license": "BSD-3-Clause",
      "dependencies": {
        "@lit-labs/ssr-dom-shim": "^1.2.0"
      }
    },
    "node_modules/@nodelib/fs.scandir": {
      "version": "2.1.5",
      "resolved": "https://registry.npmjs.org/@nodelib/fs.scandir/-/fs.scandir-2.1.5.tgz",
      "integrity": "sha512-vq24Bq3ym5HEQm2NKCr3yXDwjc7vTsEThRDnkp2DK9p1uqLR+DHurm/NOTo0KG7HYHU7eppKZj3MyqYuMBf62g==",
      "dev": true,
      "license": "MIT",
      "dependencies": {
        "@nodelib/fs.stat": "2.0.5",
        "run-parallel": "^1.1.9"
      },
      "engines": {
        "node": ">= 8"
      }
    },
    "node_modules/@nodelib/fs.stat": {
      "version": "2.0.5",
      "resolved": "https://registry.npmjs.org/@nodelib/fs.stat/-/fs.stat-2.0.5.tgz",
      "integrity": "sha512-RkhPPp2zrqDAQA/2jNhnztcPAlv64XdhIp7a7454A5ovI7Bukxgt7MX7udwAu3zg1DcpPU0rz3VV1SeaqvY4+A==",
      "dev": true,
      "license": "MIT",
      "engines": {
        "node": ">= 8"
      }
    },
    "node_modules/@nodelib/fs.walk": {
      "version": "1.2.8",
      "resolved": "https://registry.npmjs.org/@nodelib/fs.walk/-/fs.walk-1.2.8.tgz",
      "integrity": "sha512-oGB+UxlgWcgQkgwo8GcEGwemoTFt3FIO9ababBmaGwXIoBKZ+GTy0pP185beGg7Llih/NSHSV2XAs1lnznocSg==",
      "dev": true,
      "license": "MIT",
      "dependencies": {
        "@nodelib/fs.scandir": "2.1.5",
        "fastq": "^1.6.0"
      },
      "engines": {
        "node": ">= 8"
      }
    },
    "node_modules/@types/trusted-types": {
      "version": "2.0.7",
      "resolved": "https://registry.npmjs.org/@types/trusted-types/-/trusted-types-2.0.7.tgz",
      "integrity": "sha512-ScaPdn1dQczgbl0QFTeTOmVHFULt394XJgOQNoyVhZ6r2vLnMLJfBPd53SB52T/3G36VI1/g2MZaX0cwDuXsfw==",
      "license": "MIT"
    },
    "node_modules/acorn": {
      "version": "8.15.0",
      "resolved": "https://registry.npmjs.org/acorn/-/acorn-8.15.0.tgz",
      "integrity": "sha512-NZyJarBfL7nWwIq+FDL6Zp/yHEhePMNnnJ0y3qfieCrmNvYct8uvtiV41UvlSe6apAfk0fY1FbWx+NwfmpvtTg==",
      "dev": true,
      "license": "MIT",
      "bin": {
        "acorn": "bin/acorn"
      },
      "engines": {
        "node": ">=0.4.0"
      }
    },
    "node_modules/braces": {
      "version": "3.0.3",
      "resolved": "https://registry.npmjs.org/braces/-/braces-3.0.3.tgz",
      "integrity": "sha512-yQbXgO/OSZVD2IsiLlro+7Hf6Q18EJrKSEsdoMzKePKXct3gvD8oLcOQdIzGupr5Fj+EDe8gO/lxc1BzfMpxvA==",
      "dev": true,
      "license": "MIT",
      "dependencies": {
        "fill-range": "^7.1.1"
      },
      "engines": {
        "node": ">=8"
      }
    },
    "node_modules/commander": {
      "version": "8.3.0",
      "resolved": "https://registry.npmjs.org/commander/-/commander-8.3.0.tgz",
      "integrity": "sha512-OkTL9umf+He2DZkUq8f8J9of7yL6RJKI24dVITBmNfZBmri9zYZQrKkuXiKhyfPSu8tUhnVBB1iKXevvnlR4Ww==",
      "license": "MIT",
      "engines": {
        "node": ">= 12"
      }
    },
    "node_modules/complex.js": {
      "version": "2.4.2",
      "resolved": "https://registry.npmjs.org/complex.js/-/complex.js-2.4.2.tgz",
      "integrity": "sha512-qtx7HRhPGSCBtGiST4/WGHuW+zeaND/6Ld+db6PbrulIB1i2Ev/2UPiqcmpQNPSyfBKraC0EOvOKCB5dGZKt3g==",
      "license": "MIT",
      "engines": {
        "node": "*"
      },
      "funding": {
        "type": "github",
        "url": "https://github.com/sponsors/rawify"
      }
    },
    "node_modules/confbox": {
      "version": "0.2.2",
      "resolved": "https://registry.npmjs.org/confbox/-/confbox-0.2.2.tgz",
      "integrity": "sha512-1NB+BKqhtNipMsov4xI/NnhCKp9XG9NamYp5PVm9klAT0fsrNPjaFICsCFhNhwZJKNh7zB/3q8qXz0E9oaMNtQ==",
      "dev": true,
      "license": "MIT"
    },
    "node_modules/decimal.js": {
      "version": "10.5.0",
      "resolved": "https://registry.npmjs.org/decimal.js/-/decimal.js-10.5.0.tgz",
      "integrity": "sha512-8vDa8Qxvr/+d94hSh5P3IJwI5t8/c0KsMp+g8bNw9cY2icONa5aPfvKeieW1WlG0WQYwwhJ7mjui2xtiePQSXw==",
      "license": "MIT"
    },
    "node_modules/dotenv": {
      "version": "16.5.0",
      "resolved": "https://registry.npmjs.org/dotenv/-/dotenv-16.5.0.tgz",
      "integrity": "sha512-m/C+AwOAr9/W1UOIZUo232ejMNnJAJtYQjUbHoNTBNTJSvqzzDh7vnrei3o3r3m9blf6ZoDkvcw0VmozNRFJxg==",
      "dev": true,
      "license": "BSD-2-Clause",
      "engines": {
        "node": ">=12"
      },
      "funding": {
        "url": "https://dotenvx.com"
      }
    },
    "node_modules/dotenv-esbuild": {
      "version": "1.1.0",
      "resolved": "https://registry.npmjs.org/dotenv-esbuild/-/dotenv-esbuild-1.1.0.tgz",
      "integrity": "sha512-WMpniGPu98ZF+IaXayuMpjrgH1rLroFZ7JnyfQG3aix81UtnN+dERozWXhJHeupF05+JMw5kQc41c+HB1AwjGw==",
      "dev": true,
      "license": "ISC",
      "dependencies": {
        "dotenv": "^16.0.3"
      },
      "engines": {
        "node": ">=16.13"
      }
    },
    "node_modules/esbuild": {
      "version": "0.25.5",
      "resolved": "https://registry.npmjs.org/esbuild/-/esbuild-0.25.5.tgz",
      "integrity": "sha512-P8OtKZRv/5J5hhz0cUAdu/cLuPIKXpQl1R9pZtvmHWQvrAUVd0UNIPT4IB4W3rNOqVO0rlqHmCIbSwxh/c9yUQ==",
      "dev": true,
      "hasInstallScript": true,
      "license": "MIT",
      "bin": {
        "esbuild": "bin/esbuild"
      },
      "engines": {
        "node": ">=18"
      },
      "optionalDependencies": {
        "@esbuild/aix-ppc64": "0.25.5",
        "@esbuild/android-arm": "0.25.5",
        "@esbuild/android-arm64": "0.25.5",
        "@esbuild/android-x64": "0.25.5",
        "@esbuild/darwin-arm64": "0.25.5",
        "@esbuild/darwin-x64": "0.25.5",
        "@esbuild/freebsd-arm64": "0.25.5",
        "@esbuild/freebsd-x64": "0.25.5",
        "@esbuild/linux-arm": "0.25.5",
        "@esbuild/linux-arm64": "0.25.5",
        "@esbuild/linux-ia32": "0.25.5",
        "@esbuild/linux-loong64": "0.25.5",
        "@esbuild/linux-mips64el": "0.25.5",
        "@esbuild/linux-ppc64": "0.25.5",
        "@esbuild/linux-riscv64": "0.25.5",
        "@esbuild/linux-s390x": "0.25.5",
        "@esbuild/linux-x64": "0.25.5",
        "@esbuild/netbsd-arm64": "0.25.5",
        "@esbuild/netbsd-x64": "0.25.5",
        "@esbuild/openbsd-arm64": "0.25.5",
        "@esbuild/openbsd-x64": "0.25.5",
        "@esbuild/sunos-x64": "0.25.5",
        "@esbuild/win32-arm64": "0.25.5",
        "@esbuild/win32-ia32": "0.25.5",
        "@esbuild/win32-x64": "0.25.5"
      }
    },
    "node_modules/esbuild-copy-static-files": {
      "version": "0.1.0",
      "resolved": "https://registry.npmjs.org/esbuild-copy-static-files/-/esbuild-copy-static-files-0.1.0.tgz",
      "integrity": "sha512-KlpmYqANA1t2nZavEdItfcOjJC6wbHA21v35HJWN32DddGTWKNNGDKljUzbCPojmpD+wAw8/DXr5abJ4jFCE0w==",
      "dev": true,
      "license": "MIT"
    },
    "node_modules/esbuild-plugin-import-glob": {
      "version": "0.1.1",
      "resolved": "https://registry.npmjs.org/esbuild-plugin-import-glob/-/esbuild-plugin-import-glob-0.1.1.tgz",
      "integrity": "sha512-yAFH+9AoIcsQkODSx0KUPRv1FeJUN6Tef8vkPQMcuVkc2vXYneYKsHhOiFS/yIsg5bQ70HHtAlXVA1uTjgoJXg==",
      "dev": true,
      "license": "MIT",
      "dependencies": {
        "fast-glob": "^3.2.5"
      }
    },
    "node_modules/esbuild-plugin-lit": {
      "version": "0.1.1",
      "resolved": "https://registry.npmjs.org/esbuild-plugin-lit/-/esbuild-plugin-lit-0.1.1.tgz",
      "integrity": "sha512-PVbMHoBSw+J644GWvvmvvhMnEerm18+PGQHG6bfUgyMhoRaQEBeJkT+ZYsTxZjavcx9M0lcLadKvrMcHSc7Cpg==",
      "dev": true,
      "license": "MIT",
      "peerDependencies": {
        "esbuild": "^0.15.12",
        "html-minifier": "^4.0.0",
        "lit": "^2.4.0",
        "svgo": "^3.0.0",
        "txml": "^5.1.1"
      },
      "peerDependenciesMeta": {
        "html-minifier": {
          "optional": true
        },
        "lit": {
          "optional": true
        },
        "svgo": {
          "optional": true
        },
        "txml": {
          "optional": true
        }
      }
    },
    "node_modules/esbuild-plugins-node-modules-polyfill": {
      "version": "1.7.1",
      "resolved": "https://registry.npmjs.org/esbuild-plugins-node-modules-polyfill/-/esbuild-plugins-node-modules-polyfill-1.7.1.tgz",
      "integrity": "sha512-IEaUhaS1RukGGcatDzqJmR+AzUWJ2upTJZP2i7FzR37Iw5Lk0LReCTnWnPMWnGG9lO4MWTGKEGGLWEOPegTRJA==",
      "dev": true,
      "license": "MIT",
      "dependencies": {
        "@jspm/core": "^2.1.0",
        "local-pkg": "^1.1.1",
        "resolve.exports": "^2.0.3"
      },
      "engines": {
        "node": ">=14.0.0"
      },
      "peerDependencies": {
        "esbuild": ">=0.14.0 <=0.25.x"
      }
    },
    "node_modules/escape-latex": {
      "version": "1.2.0",
      "resolved": "https://registry.npmjs.org/escape-latex/-/escape-latex-1.2.0.tgz",
      "integrity": "sha512-nV5aVWW1K0wEiUIEdZ4erkGGH8mDxGyxSeqPzRNtWP7ataw+/olFObw7hujFWlVjNsaDFw5VZ5NzVSIqRgfTiw==",
      "license": "MIT"
    },
    "node_modules/exsolve": {
      "version": "1.0.5",
      "resolved": "https://registry.npmjs.org/exsolve/-/exsolve-1.0.5.tgz",
      "integrity": "sha512-pz5dvkYYKQ1AHVrgOzBKWeP4u4FRb3a6DNK2ucr0OoNwYIU4QWsJ+NM36LLzORT+z845MzKHHhpXiUF5nvQoJg==",
      "dev": true,
      "license": "MIT"
    },
    "node_modules/fast-glob": {
      "version": "3.3.3",
      "resolved": "https://registry.npmjs.org/fast-glob/-/fast-glob-3.3.3.tgz",
      "integrity": "sha512-7MptL8U0cqcFdzIzwOTHoilX9x5BrNqye7Z/LuC7kCMRio1EMSyqRK3BEAUD7sXRq4iT4AzTVuZdhgQ2TCvYLg==",
      "dev": true,
      "license": "MIT",
      "dependencies": {
        "@nodelib/fs.stat": "^2.0.2",
        "@nodelib/fs.walk": "^1.2.3",
        "glob-parent": "^5.1.2",
        "merge2": "^1.3.0",
        "micromatch": "^4.0.8"
      },
      "engines": {
        "node": ">=8.6.0"
      }
    },
    "node_modules/fastq": {
      "version": "1.19.1",
      "resolved": "https://registry.npmjs.org/fastq/-/fastq-1.19.1.tgz",
      "integrity": "sha512-GwLTyxkCXjXbxqIhTsMI2Nui8huMPtnxg7krajPJAjnEG/iiOS7i+zCtWGZR9G0NBKbXKh6X9m9UIsYX/N6vvQ==",
      "dev": true,
      "license": "ISC",
      "dependencies": {
        "reusify": "^1.0.4"
      }
    },
    "node_modules/fill-range": {
      "version": "7.1.1",
      "resolved": "https://registry.npmjs.org/fill-range/-/fill-range-7.1.1.tgz",
      "integrity": "sha512-YsGpe3WHLK8ZYi4tWDg2Jy3ebRz2rXowDxnld4bkQB00cc/1Zw9AWnC0i9ztDJitivtQvaI9KaLyKrc+hBW0yg==",
      "dev": true,
      "license": "MIT",
      "dependencies": {
        "to-regex-range": "^5.0.1"
      },
      "engines": {
        "node": ">=8"
      }
    },
    "node_modules/fraction.js": {
      "version": "5.2.2",
      "resolved": "https://registry.npmjs.org/fraction.js/-/fraction.js-5.2.2.tgz",
      "integrity": "sha512-uXBDv5knpYmv/2gLzWQ5mBHGBRk9wcKTeWu6GLTUEQfjCxO09uM/mHDrojlL+Q1mVGIIFo149Gba7od1XPgSzQ==",
      "license": "MIT",
      "engines": {
        "node": ">= 12"
      },
      "funding": {
        "type": "github",
        "url": "https://github.com/sponsors/rawify"
      }
    },
    "node_modules/glob-parent": {
      "version": "5.1.2",
      "resolved": "https://registry.npmjs.org/glob-parent/-/glob-parent-5.1.2.tgz",
      "integrity": "sha512-AOIgSQCepiJYwP3ARnGx+5VnTu2HBYdzbGP45eLw1vr3zB3vZLeyed1sC9hnbcOc9/SrMyM5RPQrkGz4aS9Zow==",
      "dev": true,
      "license": "ISC",
      "dependencies": {
        "is-glob": "^4.0.1"
      },
      "engines": {
        "node": ">= 6"
      }
    },
    "node_modules/is-extglob": {
      "version": "2.1.1",
      "resolved": "https://registry.npmjs.org/is-extglob/-/is-extglob-2.1.1.tgz",
      "integrity": "sha512-SbKbANkN603Vi4jEZv49LeVJMn4yGwsbzZworEoyEiutsN3nJYdbO36zfhGJ6QEDpOZIFkDtnq5JRxmvl3jsoQ==",
      "dev": true,
      "license": "MIT",
      "engines": {
        "node": ">=0.10.0"
      }
    },
    "node_modules/is-glob": {
      "version": "4.0.3",
      "resolved": "https://registry.npmjs.org/is-glob/-/is-glob-4.0.3.tgz",
      "integrity": "sha512-xelSayHH36ZgE7ZWhli7pW34hNbNl8Ojv5KVmkJD4hBdD3th8Tfk9vYasLM+mXWOZhFkgZfxhLSnrwRr4elSSg==",
      "dev": true,
      "license": "MIT",
      "dependencies": {
        "is-extglob": "^2.1.1"
      },
      "engines": {
        "node": ">=0.10.0"
      }
    },
    "node_modules/is-number": {
      "version": "7.0.0",
      "resolved": "https://registry.npmjs.org/is-number/-/is-number-7.0.0.tgz",
      "integrity": "sha512-41Cifkg6e8TylSpdtTpeLVMqvSBEVzTttHvERD741+pnZ8ANv0004MRL43QKPDlK9cGvNp6NZWZUBlbGXYxxng==",
      "dev": true,
      "license": "MIT",
      "engines": {
        "node": ">=0.12.0"
      }
    },
    "node_modules/javascript-natural-sort": {
      "version": "0.7.1",
      "resolved": "https://registry.npmjs.org/javascript-natural-sort/-/javascript-natural-sort-0.7.1.tgz",
      "integrity": "sha512-nO6jcEfZWQXDhOiBtG2KvKyEptz7RVbpGP4vTD2hLBdmNQSsCiicO2Ioinv6UI4y9ukqnBpy+XZ9H6uLNgJTlw==",
      "license": "MIT"
    },
    "node_modules/katex": {
      "version": "0.16.22",
      "resolved": "https://registry.npmjs.org/katex/-/katex-0.16.22.tgz",
      "integrity": "sha512-XCHRdUw4lf3SKBaJe4EvgqIuWwkPSo9XoeO8GjQW94Bp7TWv9hNhzZjZ+OH9yf1UmLygb7DIT5GSFQiyt16zYg==",
      "funding": [
        "https://opencollective.com/katex",
        "https://github.com/sponsors/katex"
      ],
      "license": "MIT",
      "dependencies": {
        "commander": "^8.3.0"
      },
      "bin": {
        "katex": "cli.js"
      }
    },
    "node_modules/lit": {
      "version": "3.3.0",
      "resolved": "https://registry.npmjs.org/lit/-/lit-3.3.0.tgz",
      "integrity": "sha512-DGVsqsOIHBww2DqnuZzW7QsuCdahp50ojuDaBPC7jUDRpYoH0z7kHBBYZewRzer75FwtrkmkKk7iOAwSaWdBmw==",
      "license": "BSD-3-Clause",
      "dependencies": {
        "@lit/reactive-element": "^2.1.0",
        "lit-element": "^4.2.0",
        "lit-html": "^3.3.0"
      }
    },
    "node_modules/lit-element": {
      "version": "4.2.0",
      "resolved": "https://registry.npmjs.org/lit-element/-/lit-element-4.2.0.tgz",
      "integrity": "sha512-MGrXJVAI5x+Bfth/pU9Kst1iWID6GHDLEzFEnyULB/sFiRLgkd8NPK/PeeXxktA3T6EIIaq8U3KcbTU5XFcP2Q==",
      "license": "BSD-3-Clause",
      "dependencies": {
        "@lit-labs/ssr-dom-shim": "^1.2.0",
        "@lit/reactive-element": "^2.1.0",
        "lit-html": "^3.3.0"
      }
    },
    "node_modules/lit-html": {
      "version": "3.3.0",
      "resolved": "https://registry.npmjs.org/lit-html/-/lit-html-3.3.0.tgz",
      "integrity": "sha512-RHoswrFAxY2d8Cf2mm4OZ1DgzCoBKUKSPvA1fhtSELxUERq2aQQ2h05pO9j81gS1o7RIRJ+CePLogfyahwmynw==",
      "license": "BSD-3-Clause",
      "dependencies": {
        "@types/trusted-types": "^2.0.2"
      }
    },
    "node_modules/local-pkg": {
      "version": "1.1.1",
      "resolved": "https://registry.npmjs.org/local-pkg/-/local-pkg-1.1.1.tgz",
      "integrity": "sha512-WunYko2W1NcdfAFpuLUoucsgULmgDBRkdxHxWQ7mK0cQqwPiy8E1enjuRBrhLtZkB5iScJ1XIPdhVEFK8aOLSg==",
      "dev": true,
      "license": "MIT",
      "dependencies": {
        "mlly": "^1.7.4",
        "pkg-types": "^2.0.1",
        "quansync": "^0.2.8"
      },
      "engines": {
        "node": ">=14"
      },
      "funding": {
        "url": "https://github.com/sponsors/antfu"
      }
    },
    "node_modules/mathjs": {
      "version": "14.5.2",
      "resolved": "https://registry.npmjs.org/mathjs/-/mathjs-14.5.2.tgz",
      "integrity": "sha512-51U6hp7j4M4Rj+l+q2KbmXAV9EhQVQzUdw1wE67RnUkKKq5ibxdrl9Ky2YkSUEIc2+VU8/IsThZNu6QSHUoyTA==",
      "license": "Apache-2.0",
      "dependencies": {
        "@babel/runtime": "^7.26.10",
        "complex.js": "^2.2.5",
        "decimal.js": "^10.4.3",
        "escape-latex": "^1.2.0",
        "fraction.js": "^5.2.1",
        "javascript-natural-sort": "^0.7.1",
        "seedrandom": "^3.0.5",
        "tiny-emitter": "^2.1.0",
        "typed-function": "^4.2.1"
      },
      "bin": {
        "mathjs": "bin/cli.js"
      },
      "engines": {
        "node": ">= 18"
      }
    },
    "node_modules/merge2": {
      "version": "1.4.1",
      "resolved": "https://registry.npmjs.org/merge2/-/merge2-1.4.1.tgz",
      "integrity": "sha512-8q7VEgMJW4J8tcfVPy8g09NcQwZdbwFEqhe/WZkoIzjn/3TGDwtOCYtXGxA3O8tPzpczCCDgv+P2P5y00ZJOOg==",
      "dev": true,
      "license": "MIT",
      "engines": {
        "node": ">= 8"
      }
    },
    "node_modules/micromatch": {
      "version": "4.0.8",
      "resolved": "https://registry.npmjs.org/micromatch/-/micromatch-4.0.8.tgz",
      "integrity": "sha512-PXwfBhYu0hBCPw8Dn0E+WDYb7af3dSLVWKi3HGv84IdF4TyFoC0ysxFd0Goxw7nSv4T/PzEJQxsYsEiFCKo2BA==",
      "dev": true,
      "license": "MIT",
      "dependencies": {
        "braces": "^3.0.3",
        "picomatch": "^2.3.1"
      },
      "engines": {
        "node": ">=8.6"
      }
    },
    "node_modules/mlly": {
      "version": "1.7.4",
      "resolved": "https://registry.npmjs.org/mlly/-/mlly-1.7.4.tgz",
      "integrity": "sha512-qmdSIPC4bDJXgZTCR7XosJiNKySV7O215tsPtDN9iEO/7q/76b/ijtgRu/+epFXSJhijtTCCGp3DWS549P3xKw==",
      "dev": true,
      "license": "MIT",
      "dependencies": {
        "acorn": "^8.14.0",
        "pathe": "^2.0.1",
        "pkg-types": "^1.3.0",
        "ufo": "^1.5.4"
      }
    },
    "node_modules/mlly/node_modules/confbox": {
      "version": "0.1.8",
      "resolved": "https://registry.npmjs.org/confbox/-/confbox-0.1.8.tgz",
      "integrity": "sha512-RMtmw0iFkeR4YV+fUOSucriAQNb9g8zFR52MWCtl+cCZOFRNL6zeB395vPzFhEjjn4fMxXudmELnl/KF/WrK6w==",
      "dev": true,
      "license": "MIT"
    },
    "node_modules/mlly/node_modules/pkg-types": {
      "version": "1.3.1",
      "resolved": "https://registry.npmjs.org/pkg-types/-/pkg-types-1.3.1.tgz",
      "integrity": "sha512-/Jm5M4RvtBFVkKWRu2BLUTNP8/M2a+UwuAX+ae4770q1qVGtfjG+WTCupoZixokjmHiry8uI+dlY8KXYV5HVVQ==",
      "dev": true,
      "license": "MIT",
      "dependencies": {
        "confbox": "^0.1.8",
        "mlly": "^1.7.4",
        "pathe": "^2.0.1"
      }
    },
    "node_modules/pathe": {
      "version": "2.0.3",
      "resolved": "https://registry.npmjs.org/pathe/-/pathe-2.0.3.tgz",
      "integrity": "sha512-WUjGcAqP1gQacoQe+OBJsFA7Ld4DyXuUIjZ5cc75cLHvJ7dtNsTugphxIADwspS+AraAUePCKrSVtPLFj/F88w==",
      "dev": true,
      "license": "MIT"
    },
    "node_modules/picomatch": {
      "version": "2.3.1",
      "resolved": "https://registry.npmjs.org/picomatch/-/picomatch-2.3.1.tgz",
      "integrity": "sha512-JU3teHTNjmE2VCGFzuY8EXzCDVwEqB2a8fsIvwaStHhAWJEeVd1o1QD80CU6+ZdEXXSLbSsuLwJjkCBWqRQUVA==",
      "dev": true,
      "license": "MIT",
      "engines": {
        "node": ">=8.6"
      },
      "funding": {
        "url": "https://github.com/sponsors/jonschlinkert"
      }
    },
    "node_modules/pkg-types": {
      "version": "2.1.0",
      "resolved": "https://registry.npmjs.org/pkg-types/-/pkg-types-2.1.0.tgz",
      "integrity": "sha512-wmJwA+8ihJixSoHKxZJRBQG1oY8Yr9pGLzRmSsNms0iNWyHHAlZCa7mmKiFR10YPZuz/2k169JiS/inOjBCZ2A==",
      "dev": true,
      "license": "MIT",
      "dependencies": {
        "confbox": "^0.2.1",
        "exsolve": "^1.0.1",
        "pathe": "^2.0.3"
      }
    },
    "node_modules/quansync": {
      "version": "0.2.10",
      "resolved": "https://registry.npmjs.org/quansync/-/quansync-0.2.10.tgz",
      "integrity": "sha512-t41VRkMYbkHyCYmOvx/6URnN80H7k4X0lLdBMGsz+maAwrJQYB1djpV6vHrQIBE0WBSGqhtEHrK9U3DWWH8v7A==",
      "dev": true,
      "funding": [
        {
          "type": "individual",
          "url": "https://github.com/sponsors/antfu"
        },
        {
          "type": "individual",
          "url": "https://github.com/sponsors/sxzz"
        }
      ],
      "license": "MIT"
    },
    "node_modules/queue-microtask": {
      "version": "1.2.3",
      "resolved": "https://registry.npmjs.org/queue-microtask/-/queue-microtask-1.2.3.tgz",
      "integrity": "sha512-NuaNSa6flKT5JaSYQzJok04JzTL1CA6aGhv5rfLW3PgqA+M2ChpZQnAC8h8i4ZFkBS8X5RqkDBHA7r4hej3K9A==",
      "dev": true,
      "funding": [
        {
          "type": "github",
          "url": "https://github.com/sponsors/feross"
        },
        {
          "type": "patreon",
          "url": "https://www.patreon.com/feross"
        },
        {
          "type": "consulting",
          "url": "https://feross.org/support"
        }
      ],
      "license": "MIT"
    },
    "node_modules/resolve.exports": {
      "version": "2.0.3",
      "resolved": "https://registry.npmjs.org/resolve.exports/-/resolve.exports-2.0.3.tgz",
      "integrity": "sha512-OcXjMsGdhL4XnbShKpAcSqPMzQoYkYyhbEaeSko47MjRP9NfEQMhZkXL1DoFlt9LWQn4YttrdnV6X2OiyzBi+A==",
      "dev": true,
      "license": "MIT",
      "engines": {
        "node": ">=10"
      }
    },
    "node_modules/reusify": {
      "version": "1.1.0",
      "resolved": "https://registry.npmjs.org/reusify/-/reusify-1.1.0.tgz",
      "integrity": "sha512-g6QUff04oZpHs0eG5p83rFLhHeV00ug/Yf9nZM6fLeUrPguBTkTQOdpAWWspMh55TZfVQDPaN3NQJfbVRAxdIw==",
      "dev": true,
      "license": "MIT",
      "engines": {
        "iojs": ">=1.0.0",
        "node": ">=0.10.0"
      }
    },
    "node_modules/run-parallel": {
      "version": "1.2.0",
      "resolved": "https://registry.npmjs.org/run-parallel/-/run-parallel-1.2.0.tgz",
      "integrity": "sha512-5l4VyZR86LZ/lDxZTR6jqL8AFE2S0IFLMP26AbjsLVADxHdhB/c0GUsH+y39UfCi3dzz8OlQuPmnaJOMoDHQBA==",
      "dev": true,
      "funding": [
        {
          "type": "github",
          "url": "https://github.com/sponsors/feross"
        },
        {
          "type": "patreon",
          "url": "https://www.patreon.com/feross"
        },
        {
          "type": "consulting",
          "url": "https://feross.org/support"
        }
      ],
      "license": "MIT",
      "dependencies": {
        "queue-microtask": "^1.2.2"
      }
    },
    "node_modules/seedrandom": {
      "version": "3.0.5",
      "resolved": "https://registry.npmjs.org/seedrandom/-/seedrandom-3.0.5.tgz",
      "integrity": "sha512-8OwmbklUNzwezjGInmZ+2clQmExQPvomqjL7LFqOYqtmuxRgQYqOD3mHaU+MvZn5FLUeVxVfQjwLZW/n/JFuqg==",
      "license": "MIT"
    },
    "node_modules/tiny-emitter": {
      "version": "2.1.0",
      "resolved": "https://registry.npmjs.org/tiny-emitter/-/tiny-emitter-2.1.0.tgz",
      "integrity": "sha512-NB6Dk1A9xgQPMoGqC5CVXn123gWyte215ONT5Pp5a0yt4nlEoO1ZWeCwpncaekPHXO60i47ihFnZPiRPjRMq4Q==",
      "license": "MIT"
    },
    "node_modules/to-regex-range": {
      "version": "5.0.1",
      "resolved": "https://registry.npmjs.org/to-regex-range/-/to-regex-range-5.0.1.tgz",
      "integrity": "sha512-65P7iz6X5yEr1cwcgvQxbbIw7Uk3gOy5dIdtZ4rDveLqhrdJP+Li/Hx6tyK0NEb+2GCyneCMJiGqrADCSNk8sQ==",
      "dev": true,
      "license": "MIT",
      "dependencies": {
        "is-number": "^7.0.0"
      },
      "engines": {
        "node": ">=8.0"
      }
    },
    "node_modules/typed-function": {
      "version": "4.2.1",
      "resolved": "https://registry.npmjs.org/typed-function/-/typed-function-4.2.1.tgz",
      "integrity": "sha512-EGjWssW7Tsk4DGfE+5yluuljS1OGYWiI1J6e8puZz9nTMM51Oug8CD5Zo4gWMsOhq5BI+1bF+rWTm4Vbj3ivRA==",
      "license": "MIT",
      "engines": {
        "node": ">= 18"
      }
    },
    "node_modules/ufo": {
      "version": "1.6.1",
      "resolved": "https://registry.npmjs.org/ufo/-/ufo-1.6.1.tgz",
      "integrity": "sha512-9a4/uxlTWJ4+a5i0ooc1rU7C7YOw3wT+UGqdeNNHWnOF9qcMBgLRS+4IYUqbczewFx4mLEig6gawh7X6mFlEkA==",
      "dev": true,
      "license": "MIT"
    }
  }
}
